// !$*UTF8*$!
{
	archiveVersion = 1;
	classes = {
	};
	objectVersion = 46;
	objects = {

/* Begin PBXBuildFile section */
		810C84BF1EFF0D10008D8B83 /* SecondViewController.swift in Sources */ = {isa = PBXBuildFile; fileRef = 810C84BE1EFF0D10008D8B83 /* SecondViewController.swift */; };
		810C84C11EFF1112008D8B83 /* DestinationViewController.swift in Sources */ = {isa = PBXBuildFile; fileRef = 810C84C01EFF1112008D8B83 /* DestinationViewController.swift */; };
		810C84C31EFF149B008D8B83 /* MapViewController.swift in Sources */ = {isa = PBXBuildFile; fileRef = 810C84C21EFF149B008D8B83 /* MapViewController.swift */; };
		810C84C61EFF1689008D8B83 /* MapKit.framework in Frameworks */ = {isa = PBXBuildFile; fileRef = 810C84C51EFF1689008D8B83 /* MapKit.framework */; settings = {ATTRIBUTES = (Required, ); }; };
		D3F7B74C1EFF0789009FB4AD /* AppDelegate.swift in Sources */ = {isa = PBXBuildFile; fileRef = D3F7B74B1EFF0789009FB4AD /* AppDelegate.swift */; };
		D3F7B74E1EFF0789009FB4AD /* FirstViewController.swift in Sources */ = {isa = PBXBuildFile; fileRef = D3F7B74D1EFF0789009FB4AD /* FirstViewController.swift */; };
		D3F7B7511EFF0789009FB4AD /* Main.storyboard in Resources */ = {isa = PBXBuildFile; fileRef = D3F7B74F1EFF0789009FB4AD /* Main.storyboard */; };
		D3F7B7531EFF0789009FB4AD /* Assets.xcassets in Resources */ = {isa = PBXBuildFile; fileRef = D3F7B7521EFF0789009FB4AD /* Assets.xcassets */; };
		D3F7B7561EFF0789009FB4AD /* LaunchScreen.storyboard in Resources */ = {isa = PBXBuildFile; fileRef = D3F7B7541EFF0789009FB4AD /* LaunchScreen.storyboard */; };
		D3F7B7611EFF0789009FB4AD /* hipHopHackathon2017Tests.swift in Sources */ = {isa = PBXBuildFile; fileRef = D3F7B7601EFF0789009FB4AD /* hipHopHackathon2017Tests.swift */; };
		D3F7B76C1EFF0822009FB4AD /* EndPoints.swift in Sources */ = {isa = PBXBuildFile; fileRef = D3F7B76B1EFF0822009FB4AD /* EndPoints.swift */; };
		D3F7B76E1EFF0852009FB4AD /* FunThingsToDo.swift in Sources */ = {isa = PBXBuildFile; fileRef = D3F7B76D1EFF0852009FB4AD /* FunThingsToDo.swift */; };
		D3F7B7701EFF0866009FB4AD /* APIRequestManager.swift in Sources */ = {isa = PBXBuildFile; fileRef = D3F7B76F1EFF0866009FB4AD /* APIRequestManager.swift */; };
		D3F7B7721EFF0EEA009FB4AD /* ParseError.swift in Sources */ = {isa = PBXBuildFile; fileRef = D3F7B7711EFF0EEA009FB4AD /* ParseError.swift */; };
		D3F7B7751EFF1B25009FB4AD /* AmaticSC-Bold.ttf in Resources */ = {isa = PBXBuildFile; fileRef = D3F7B7741EFF1B25009FB4AD /* AmaticSC-Bold.ttf */; };
		D3F7B7761EFF1B25009FB4AD /* AmaticSC-Bold.ttf in Resources */ = {isa = PBXBuildFile; fileRef = D3F7B7741EFF1B25009FB4AD /* AmaticSC-Bold.ttf */; };
		D3F7B7781EFF1B2F009FB4AD /* AmaticSC-Regular.ttf in Resources */ = {isa = PBXBuildFile; fileRef = D3F7B7771EFF1B2F009FB4AD /* AmaticSC-Regular.ttf */; };
		D3F7B7791EFF1B2F009FB4AD /* AmaticSC-Regular.ttf in Resources */ = {isa = PBXBuildFile; fileRef = D3F7B7771EFF1B2F009FB4AD /* AmaticSC-Regular.ttf */; };
/* End PBXBuildFile section */

/* Begin PBXContainerItemProxy section */
		D3F7B75D1EFF0789009FB4AD /* PBXContainerItemProxy */ = {
			isa = PBXContainerItemProxy;
			containerPortal = D3F7B7401EFF0789009FB4AD /* Project object */;
			proxyType = 1;
			remoteGlobalIDString = D3F7B7471EFF0789009FB4AD;
			remoteInfo = hipHopHackathon2017;
		};
/* End PBXContainerItemProxy section */

/* Begin PBXFileReference section */
		810C84BE1EFF0D10008D8B83 /* SecondViewController.swift */ = {isa = PBXFileReference; fileEncoding = 4; lastKnownFileType = sourcecode.swift; path = SecondViewController.swift; sourceTree = "<group>"; };
		810C84C01EFF1112008D8B83 /* DestinationViewController.swift */ = {isa = PBXFileReference; fileEncoding = 4; lastKnownFileType = sourcecode.swift; path = DestinationViewController.swift; sourceTree = "<group>"; };
		810C84C21EFF149B008D8B83 /* MapViewController.swift */ = {isa = PBXFileReference; fileEncoding = 4; lastKnownFileType = sourcecode.swift; path = MapViewController.swift; sourceTree = "<group>"; };
		810C84C51EFF1689008D8B83 /* MapKit.framework */ = {isa = PBXFileReference; lastKnownFileType = wrapper.framework; name = MapKit.framework; path = System/Library/Frameworks/MapKit.framework; sourceTree = SDKROOT; };
		D3F7B7481EFF0789009FB4AD /* hipHopHackathon2017.app */ = {isa = PBXFileReference; explicitFileType = wrapper.application; includeInIndex = 0; path = hipHopHackathon2017.app; sourceTree = BUILT_PRODUCTS_DIR; };
		D3F7B74B1EFF0789009FB4AD /* AppDelegate.swift */ = {isa = PBXFileReference; lastKnownFileType = sourcecode.swift; path = AppDelegate.swift; sourceTree = "<group>"; };
		D3F7B74D1EFF0789009FB4AD /* FirstViewController.swift */ = {isa = PBXFileReference; lastKnownFileType = sourcecode.swift; path = FirstViewController.swift; sourceTree = "<group>"; };
		D3F7B7501EFF0789009FB4AD /* Base */ = {isa = PBXFileReference; lastKnownFileType = file.storyboard; name = Base; path = Base.lproj/Main.storyboard; sourceTree = "<group>"; };
		D3F7B7521EFF0789009FB4AD /* Assets.xcassets */ = {isa = PBXFileReference; lastKnownFileType = folder.assetcatalog; path = Assets.xcassets; sourceTree = "<group>"; };
		D3F7B7551EFF0789009FB4AD /* Base */ = {isa = PBXFileReference; lastKnownFileType = file.storyboard; name = Base; path = Base.lproj/LaunchScreen.storyboard; sourceTree = "<group>"; };
		D3F7B7571EFF0789009FB4AD /* Info.plist */ = {isa = PBXFileReference; lastKnownFileType = text.plist.xml; path = Info.plist; sourceTree = "<group>"; };
		D3F7B75C1EFF0789009FB4AD /* hipHopHackathon2017Tests.xctest */ = {isa = PBXFileReference; explicitFileType = wrapper.cfbundle; includeInIndex = 0; path = hipHopHackathon2017Tests.xctest; sourceTree = BUILT_PRODUCTS_DIR; };
		D3F7B7601EFF0789009FB4AD /* hipHopHackathon2017Tests.swift */ = {isa = PBXFileReference; lastKnownFileType = sourcecode.swift; path = hipHopHackathon2017Tests.swift; sourceTree = "<group>"; };
		D3F7B7621EFF0789009FB4AD /* Info.plist */ = {isa = PBXFileReference; lastKnownFileType = text.plist.xml; path = Info.plist; sourceTree = "<group>"; };
		D3F7B76B1EFF0822009FB4AD /* EndPoints.swift */ = {isa = PBXFileReference; fileEncoding = 4; lastKnownFileType = sourcecode.swift; name = EndPoints.swift; path = ../EndPoints.swift; sourceTree = "<group>"; };
		D3F7B76D1EFF0852009FB4AD /* FunThingsToDo.swift */ = {isa = PBXFileReference; fileEncoding = 4; lastKnownFileType = sourcecode.swift; path = FunThingsToDo.swift; sourceTree = "<group>"; };
		D3F7B76F1EFF0866009FB4AD /* APIRequestManager.swift */ = {isa = PBXFileReference; fileEncoding = 4; lastKnownFileType = sourcecode.swift; path = APIRequestManager.swift; sourceTree = "<group>"; };
		D3F7B7711EFF0EEA009FB4AD /* ParseError.swift */ = {isa = PBXFileReference; fileEncoding = 4; lastKnownFileType = sourcecode.swift; path = ParseError.swift; sourceTree = "<group>"; };
		D3F7B7741EFF1B25009FB4AD /* AmaticSC-Bold.ttf */ = {isa = PBXFileReference; lastKnownFileType = file; path = "AmaticSC-Bold.ttf"; sourceTree = "<group>"; };
		D3F7B7771EFF1B2F009FB4AD /* AmaticSC-Regular.ttf */ = {isa = PBXFileReference; lastKnownFileType = file; path = "AmaticSC-Regular.ttf"; sourceTree = "<group>"; };
/* End PBXFileReference section */

/* Begin PBXFrameworksBuildPhase section */
		D3F7B7451EFF0789009FB4AD /* Frameworks */ = {
			isa = PBXFrameworksBuildPhase;
			buildActionMask = 2147483647;
			files = (
				810C84C61EFF1689008D8B83 /* MapKit.framework in Frameworks */,
			);
			runOnlyForDeploymentPostprocessing = 0;
		};
		D3F7B7591EFF0789009FB4AD /* Frameworks */ = {
			isa = PBXFrameworksBuildPhase;
			buildActionMask = 2147483647;
			files = (
			);
			runOnlyForDeploymentPostprocessing = 0;
		};
/* End PBXFrameworksBuildPhase section */

/* Begin PBXGroup section */
		810C84C41EFF1689008D8B83 /* Frameworks */ = {
			isa = PBXGroup;
			children = (
				810C84C51EFF1689008D8B83 /* MapKit.framework */,
			);
			name = Frameworks;
			sourceTree = "<group>";
		};
		D3F7B73F1EFF0789009FB4AD = {
			isa = PBXGroup;
			children = (
				D3F7B74A1EFF0789009FB4AD /* hipHopHackathon2017 */,
				D3F7B75F1EFF0789009FB4AD /* hipHopHackathon2017Tests */,
				D3F7B7491EFF0789009FB4AD /* Products */,
				810C84C41EFF1689008D8B83 /* Frameworks */,
			);
			sourceTree = "<group>";
		};
		D3F7B7491EFF0789009FB4AD /* Products */ = {
			isa = PBXGroup;
			children = (
				D3F7B7481EFF0789009FB4AD /* hipHopHackathon2017.app */,
				D3F7B75C1EFF0789009FB4AD /* hipHopHackathon2017Tests.xctest */,
			);
			name = Products;
			sourceTree = "<group>";
		};
		D3F7B74A1EFF0789009FB4AD /* hipHopHackathon2017 */ = {
			isa = PBXGroup;
			children = (
				D3F7B7731EFF1AE8009FB4AD /* UI Resources */,
				D3F7B76B1EFF0822009FB4AD /* EndPoints.swift */,
				D3F7B74B1EFF0789009FB4AD /* AppDelegate.swift */,
				D3F7B74D1EFF0789009FB4AD /* FirstViewController.swift */,
				D3F7B74F1EFF0789009FB4AD /* Main.storyboard */,
				810C84C21EFF149B008D8B83 /* MapViewController.swift */,
				810C84C01EFF1112008D8B83 /* DestinationViewController.swift */,
				810C84BE1EFF0D10008D8B83 /* SecondViewController.swift */,
				D3F7B7521EFF0789009FB4AD /* Assets.xcassets */,
				D3F7B7541EFF0789009FB4AD /* LaunchScreen.storyboard */,
				D3F7B7571EFF0789009FB4AD /* Info.plist */,
				D3F7B76D1EFF0852009FB4AD /* FunThingsToDo.swift */,
				D3F7B7711EFF0EEA009FB4AD /* ParseError.swift */,
				D3F7B76F1EFF0866009FB4AD /* APIRequestManager.swift */,
			);
			path = hipHopHackathon2017;
			sourceTree = "<group>";
		};
		D3F7B75F1EFF0789009FB4AD /* hipHopHackathon2017Tests */ = {
			isa = PBXGroup;
			children = (
				D3F7B7601EFF0789009FB4AD /* hipHopHackathon2017Tests.swift */,
				D3F7B7621EFF0789009FB4AD /* Info.plist */,
			);
			path = hipHopHackathon2017Tests;
			sourceTree = "<group>";
		};
		D3F7B7731EFF1AE8009FB4AD /* UI Resources */ = {
			isa = PBXGroup;
			children = (
				D3F7B7771EFF1B2F009FB4AD /* AmaticSC-Regular.ttf */,
				D3F7B7741EFF1B25009FB4AD /* AmaticSC-Bold.ttf */,
			);
			name = "UI Resources";
			sourceTree = "<group>";
		};
/* End PBXGroup section */

/* Begin PBXNativeTarget section */
		D3F7B7471EFF0789009FB4AD /* hipHopHackathon2017 */ = {
			isa = PBXNativeTarget;
			buildConfigurationList = D3F7B7651EFF0789009FB4AD /* Build configuration list for PBXNativeTarget "hipHopHackathon2017" */;
			buildPhases = (
				D3F7B7441EFF0789009FB4AD /* Sources */,
				D3F7B7451EFF0789009FB4AD /* Frameworks */,
				D3F7B7461EFF0789009FB4AD /* Resources */,
			);
			buildRules = (
			);
			dependencies = (
			);
			name = hipHopHackathon2017;
			productName = hipHopHackathon2017;
			productReference = D3F7B7481EFF0789009FB4AD /* hipHopHackathon2017.app */;
			productType = "com.apple.product-type.application";
		};
		D3F7B75B1EFF0789009FB4AD /* hipHopHackathon2017Tests */ = {
			isa = PBXNativeTarget;
			buildConfigurationList = D3F7B7681EFF0789009FB4AD /* Build configuration list for PBXNativeTarget "hipHopHackathon2017Tests" */;
			buildPhases = (
				D3F7B7581EFF0789009FB4AD /* Sources */,
				D3F7B7591EFF0789009FB4AD /* Frameworks */,
				D3F7B75A1EFF0789009FB4AD /* Resources */,
			);
			buildRules = (
			);
			dependencies = (
				D3F7B75E1EFF0789009FB4AD /* PBXTargetDependency */,
			);
			name = hipHopHackathon2017Tests;
			productName = hipHopHackathon2017Tests;
			productReference = D3F7B75C1EFF0789009FB4AD /* hipHopHackathon2017Tests.xctest */;
			productType = "com.apple.product-type.bundle.unit-test";
		};
/* End PBXNativeTarget section */

/* Begin PBXProject section */
		D3F7B7401EFF0789009FB4AD /* Project object */ = {
			isa = PBXProject;
			attributes = {
				LastSwiftUpdateCheck = 0810;
				LastUpgradeCheck = 0810;
				ORGANIZATIONNAME = "Marty Hernandez Avedon";
				TargetAttributes = {
					D3F7B7471EFF0789009FB4AD = {
						CreatedOnToolsVersion = 8.1;
						DevelopmentTeam = GD7JHZ9557;
						ProvisioningStyle = Automatic;
					};
					D3F7B75B1EFF0789009FB4AD = {
						CreatedOnToolsVersion = 8.1;
						DevelopmentTeam = GD7JHZ9557;
						ProvisioningStyle = Automatic;
						TestTargetID = D3F7B7471EFF0789009FB4AD;
					};
				};
			};
			buildConfigurationList = D3F7B7431EFF0789009FB4AD /* Build configuration list for PBXProject "hipHopHackathon2017" */;
			compatibilityVersion = "Xcode 3.2";
			developmentRegion = English;
			hasScannedForEncodings = 0;
			knownRegions = (
				en,
				Base,
			);
			mainGroup = D3F7B73F1EFF0789009FB4AD;
			productRefGroup = D3F7B7491EFF0789009FB4AD /* Products */;
			projectDirPath = "";
			projectRoot = "";
			targets = (
				D3F7B7471EFF0789009FB4AD /* hipHopHackathon2017 */,
				D3F7B75B1EFF0789009FB4AD /* hipHopHackathon2017Tests */,
			);
		};
/* End PBXProject section */

/* Begin PBXResourcesBuildPhase section */
		D3F7B7461EFF0789009FB4AD /* Resources */ = {
			isa = PBXResourcesBuildPhase;
			buildActionMask = 2147483647;
			files = (
				D3F7B7781EFF1B2F009FB4AD /* AmaticSC-Regular.ttf in Resources */,
				D3F7B7751EFF1B25009FB4AD /* AmaticSC-Bold.ttf in Resources */,
				D3F7B7561EFF0789009FB4AD /* LaunchScreen.storyboard in Resources */,
				D3F7B7531EFF0789009FB4AD /* Assets.xcassets in Resources */,
				D3F7B7511EFF0789009FB4AD /* Main.storyboard in Resources */,
			);
			runOnlyForDeploymentPostprocessing = 0;
		};
		D3F7B75A1EFF0789009FB4AD /* Resources */ = {
			isa = PBXResourcesBuildPhase;
			buildActionMask = 2147483647;
			files = (
				D3F7B7791EFF1B2F009FB4AD /* AmaticSC-Regular.ttf in Resources */,
				D3F7B7761EFF1B25009FB4AD /* AmaticSC-Bold.ttf in Resources */,
			);
			runOnlyForDeploymentPostprocessing = 0;
		};
/* End PBXResourcesBuildPhase section */

/* Begin PBXSourcesBuildPhase section */
		D3F7B7441EFF0789009FB4AD /* Sources */ = {
			isa = PBXSourcesBuildPhase;
			buildActionMask = 2147483647;
			files = (
				810C84C11EFF1112008D8B83 /* DestinationViewController.swift in Sources */,
				810C84BF1EFF0D10008D8B83 /* SecondViewController.swift in Sources */,
				D3F7B74E1EFF0789009FB4AD /* FirstViewController.swift in Sources */,
				D3F7B76C1EFF0822009FB4AD /* EndPoints.swift in Sources */,
				D3F7B7721EFF0EEA009FB4AD /* ParseError.swift in Sources */,
				D3F7B7701EFF0866009FB4AD /* APIRequestManager.swift in Sources */,
				D3F7B76E1EFF0852009FB4AD /* FunThingsToDo.swift in Sources */,
				D3F7B74C1EFF0789009FB4AD /* AppDelegate.swift in Sources */,
				810C84C31EFF149B008D8B83 /* MapViewController.swift in Sources */,
			);
			runOnlyForDeploymentPostprocessing = 0;
		};
		D3F7B7581EFF0789009FB4AD /* Sources */ = {
			isa = PBXSourcesBuildPhase;
			buildActionMask = 2147483647;
			files = (
				D3F7B7611EFF0789009FB4AD /* hipHopHackathon2017Tests.swift in Sources */,
			);
			runOnlyForDeploymentPostprocessing = 0;
		};
/* End PBXSourcesBuildPhase section */

/* Begin PBXTargetDependency section */
		D3F7B75E1EFF0789009FB4AD /* PBXTargetDependency */ = {
			isa = PBXTargetDependency;
			target = D3F7B7471EFF0789009FB4AD /* hipHopHackathon2017 */;
			targetProxy = D3F7B75D1EFF0789009FB4AD /* PBXContainerItemProxy */;
		};
/* End PBXTargetDependency section */

/* Begin PBXVariantGroup section */
		D3F7B74F1EFF0789009FB4AD /* Main.storyboard */ = {
			isa = PBXVariantGroup;
			children = (
				D3F7B7501EFF0789009FB4AD /* Base */,
			);
			name = Main.storyboard;
			sourceTree = "<group>";
		};
		D3F7B7541EFF0789009FB4AD /* LaunchScreen.storyboard */ = {
			isa = PBXVariantGroup;
			children = (
				D3F7B7551EFF0789009FB4AD /* Base */,
			);
			name = LaunchScreen.storyboard;
			sourceTree = "<group>";
		};
/* End PBXVariantGroup section */

/* Begin XCBuildConfiguration section */
		D3F7B7631EFF0789009FB4AD /* Debug */ = {
			isa = XCBuildConfiguration;
			buildSettings = {
				ALWAYS_SEARCH_USER_PATHS = NO;
				CLANG_ANALYZER_NONNULL = YES;
				CLANG_CXX_LANGUAGE_STANDARD = "gnu++0x";
				CLANG_CXX_LIBRARY = "libc++";
				CLANG_ENABLE_MODULES = YES;
				CLANG_ENABLE_OBJC_ARC = YES;
				CLANG_WARN_BOOL_CONVERSION = YES;
				CLANG_WARN_CONSTANT_CONVERSION = YES;
				CLANG_WARN_DIRECT_OBJC_ISA_USAGE = YES_ERROR;
				CLANG_WARN_DOCUMENTATION_COMMENTS = YES;
				CLANG_WARN_EMPTY_BODY = YES;
				CLANG_WARN_ENUM_CONVERSION = YES;
				CLANG_WARN_INFINITE_RECURSION = YES;
				CLANG_WARN_INT_CONVERSION = YES;
				CLANG_WARN_OBJC_ROOT_CLASS = YES_ERROR;
				CLANG_WARN_SUSPICIOUS_MOVES = YES;
				CLANG_WARN_UNREACHABLE_CODE = YES;
				CLANG_WARN__DUPLICATE_METHOD_MATCH = YES;
				"CODE_SIGN_IDENTITY[sdk=iphoneos*]" = "iPhone Developer";
				COPY_PHASE_STRIP = NO;
				DEBUG_INFORMATION_FORMAT = dwarf;
				ENABLE_STRICT_OBJC_MSGSEND = YES;
				ENABLE_TESTABILITY = YES;
				GCC_C_LANGUAGE_STANDARD = gnu99;
				GCC_DYNAMIC_NO_PIC = NO;
				GCC_NO_COMMON_BLOCKS = YES;
				GCC_OPTIMIZATION_LEVEL = 0;
				GCC_PREPROCESSOR_DEFINITIONS = (
					"DEBUG=1",
					"$(inherited)",
				);
				GCC_WARN_64_TO_32_BIT_CONVERSION = YES;
				GCC_WARN_ABOUT_RETURN_TYPE = YES_ERROR;
				GCC_WARN_UNDECLARED_SELECTOR = YES;
				GCC_WARN_UNINITIALIZED_AUTOS = YES_AGGRESSIVE;
				GCC_WARN_UNUSED_FUNCTION = YES;
				GCC_WARN_UNUSED_VARIABLE = YES;
				IPHONEOS_DEPLOYMENT_TARGET = 10.1;
				MTL_ENABLE_DEBUG_INFO = YES;
				ONLY_ACTIVE_ARCH = YES;
				SDKROOT = iphoneos;
				SWIFT_ACTIVE_COMPILATION_CONDITIONS = DEBUG;
				SWIFT_OPTIMIZATION_LEVEL = "-Onone";
				TARGETED_DEVICE_FAMILY = "1,2";
			};
			name = Debug;
		};
		D3F7B7641EFF0789009FB4AD /* Release */ = {
			isa = XCBuildConfiguration;
			buildSettings = {
				ALWAYS_SEARCH_USER_PATHS = NO;
				CLANG_ANALYZER_NONNULL = YES;
				CLANG_CXX_LANGUAGE_STANDARD = "gnu++0x";
				CLANG_CXX_LIBRARY = "libc++";
				CLANG_ENABLE_MODULES = YES;
				CLANG_ENABLE_OBJC_ARC = YES;
				CLANG_WARN_BOOL_CONVERSION = YES;
				CLANG_WARN_CONSTANT_CONVERSION = YES;
				CLANG_WARN_DIRECT_OBJC_ISA_USAGE = YES_ERROR;
				CLANG_WARN_DOCUMENTATION_COMMENTS = YES;
				CLANG_WARN_EMPTY_BODY = YES;
				CLANG_WARN_ENUM_CONVERSION = YES;
				CLANG_WARN_INFINITE_RECURSION = YES;
				CLANG_WARN_INT_CONVERSION = YES;
				CLANG_WARN_OBJC_ROOT_CLASS = YES_ERROR;
				CLANG_WARN_SUSPICIOUS_MOVES = YES;
				CLANG_WARN_UNREACHABLE_CODE = YES;
				CLANG_WARN__DUPLICATE_METHOD_MATCH = YES;
				"CODE_SIGN_IDENTITY[sdk=iphoneos*]" = "iPhone Developer";
				COPY_PHASE_STRIP = NO;
				DEBUG_INFORMATION_FORMAT = "dwarf-with-dsym";
				ENABLE_NS_ASSERTIONS = NO;
				ENABLE_STRICT_OBJC_MSGSEND = YES;
				GCC_C_LANGUAGE_STANDARD = gnu99;
				GCC_NO_COMMON_BLOCKS = YES;
				GCC_WARN_64_TO_32_BIT_CONVERSION = YES;
				GCC_WARN_ABOUT_RETURN_TYPE = YES_ERROR;
				GCC_WARN_UNDECLARED_SELECTOR = YES;
				GCC_WARN_UNINITIALIZED_AUTOS = YES_AGGRESSIVE;
				GCC_WARN_UNUSED_FUNCTION = YES;
				GCC_WARN_UNUSED_VARIABLE = YES;
				IPHONEOS_DEPLOYMENT_TARGET = 10.1;
				MTL_ENABLE_DEBUG_INFO = NO;
				SDKROOT = iphoneos;
				SWIFT_OPTIMIZATION_LEVEL = "-Owholemodule";
				TARGETED_DEVICE_FAMILY = "1,2";
				VALIDATE_PRODUCT = YES;
			};
			name = Release;
		};
		D3F7B7661EFF0789009FB4AD /* Debug */ = {
			isa = XCBuildConfiguration;
			buildSettings = {
				ASSETCATALOG_COMPILER_APPICON_NAME = AppIcon;
				DEVELOPMENT_TEAM = GD7JHZ9557;
				INFOPLIST_FILE = hipHopHackathon2017/Info.plist;
				LD_RUNPATH_SEARCH_PATHS = "$(inherited) @executable_path/Frameworks";
				PRODUCT_BUNDLE_IDENTIFIER = nyc.c4q.martyav.hipHopHackathon2017;
				PRODUCT_NAME = "$(TARGET_NAME)";
				SWIFT_VERSION = 3.0;
			};
			name = Debug;
		};
		D3F7B7671EFF0789009FB4AD /* Release */ = {
			isa = XCBuildConfiguration;
			buildSettings = {
				ASSETCATALOG_COMPILER_APPICON_NAME = AppIcon;
				DEVELOPMENT_TEAM = GD7JHZ9557;
				INFOPLIST_FILE = hipHopHackathon2017/Info.plist;
				LD_RUNPATH_SEARCH_PATHS = "$(inherited) @executable_path/Frameworks";
				PRODUCT_BUNDLE_IDENTIFIER = nyc.c4q.martyav.hipHopHackathon2017;
				PRODUCT_NAME = "$(TARGET_NAME)";
				SWIFT_VERSION = 3.0;
			};
			name = Release;
		};
		D3F7B7691EFF0789009FB4AD /* Debug */ = {
			isa = XCBuildConfiguration;
			buildSettings = {
				ALWAYS_EMBED_SWIFT_STANDARD_LIBRARIES = YES;
				BUNDLE_LOADER = "$(TEST_HOST)";
				DEVELOPMENT_TEAM = GD7JHZ9557;
				INFOPLIST_FILE = hipHopHackathon2017Tests/Info.plist;
				LD_RUNPATH_SEARCH_PATHS = "$(inherited) @executable_path/Frameworks @loader_path/Frameworks";
				PRODUCT_BUNDLE_IDENTIFIER = nyc.c4q.martyav.hipHopHackathon2017Tests;
				PRODUCT_NAME = "$(TARGET_NAME)";
				SWIFT_VERSION = 3.0;
				TEST_HOST = "$(BUILT_PRODUCTS_DIR)/hipHopHackathon2017.app/hipHopHackathon2017";
			};
			name = Debug;
		};
		D3F7B76A1EFF0789009FB4AD /* Release */ = {
			isa = XCBuildConfiguration;
			buildSettings = {
				ALWAYS_EMBED_SWIFT_STANDARD_LIBRARIES = YES;
				BUNDLE_LOADER = "$(TEST_HOST)";
				DEVELOPMENT_TEAM = GD7JHZ9557;
				INFOPLIST_FILE = hipHopHackathon2017Tests/Info.plist;
				LD_RUNPATH_SEARCH_PATHS = "$(inherited) @executable_path/Frameworks @loader_path/Frameworks";
				PRODUCT_BUNDLE_IDENTIFIER = nyc.c4q.martyav.hipHopHackathon2017Tests;
				PRODUCT_NAME = "$(TARGET_NAME)";
				SWIFT_VERSION = 3.0;
				TEST_HOST = "$(BUILT_PRODUCTS_DIR)/hipHopHackathon2017.app/hipHopHackathon2017";
			};
			name = Release;
		};
/* End XCBuildConfiguration section */

/* Begin XCConfigurationList section */
		D3F7B7431EFF0789009FB4AD /* Build configuration list for PBXProject "hipHopHackathon2017" */ = {
			isa = XCConfigurationList;
			buildConfigurations = (
				D3F7B7631EFF0789009FB4AD /* Debug */,
				D3F7B7641EFF0789009FB4AD /* Release */,
			);
			defaultConfigurationIsVisible = 0;
			defaultConfigurationName = Release;
		};
		D3F7B7651EFF0789009FB4AD /* Build configuration list for PBXNativeTarget "hipHopHackathon2017" */ = {
			isa = XCConfigurationList;
			buildConfigurations = (
				D3F7B7661EFF0789009FB4AD /* Debug */,
				D3F7B7671EFF0789009FB4AD /* Release */,
			);
			defaultConfigurationIsVisible = 0;
			defaultConfigurationName = Release;
		};
		D3F7B7681EFF0789009FB4AD /* Build configuration list for PBXNativeTarget "hipHopHackathon2017Tests" */ = {
			isa = XCConfigurationList;
			buildConfigurations = (
				D3F7B7691EFF0789009FB4AD /* Debug */,
				D3F7B76A1EFF0789009FB4AD /* Release */,
			);
			defaultConfigurationIsVisible = 0;
			defaultConfigurationName = Release;
		};
/* End XCConfigurationList section */
	};
	rootObject = D3F7B7401EFF0789009FB4AD /* Project object */;
}
