// !$*UTF8*$!
{
	archiveVersion = 1;
	classes = {
	};
	objectVersion = 46;
	objects = {

/* Begin PBXBuildFile section */

		810C84BB1EFEF816008D8B83 /* FirstViewController.swift in Sources */ = {isa = PBXBuildFile; fileRef = 810C84BA1EFEF816008D8B83 /* FirstViewController.swift */; };
		810C84BD1EFEFA29008D8B83 /* SecondViewController.swift in Sources */ = {isa = PBXBuildFile; fileRef = 810C84BC1EFEFA29008D8B83 /* SecondViewController.swift */; };

		D3BBE5921EFEF63800567A4E /* HomeViewController.swift in Sources */ = {isa = PBXBuildFile; fileRef = D3BBE5911EFEF63800567A4E /* HomeViewController.swift */; };
		D3BBE5941EFEFA3B00567A4E /* APIRequestManager.swift in Sources */ = {isa = PBXBuildFile; fileRef = D3BBE5931EFEFA3B00567A4E /* APIRequestManager.swift */; };
		D3BBE5961EFEFA7600567A4E /* Endpoints.swift in Sources */ = {isa = PBXBuildFile; fileRef = D3BBE5951EFEFA7600567A4E /* Endpoints.swift */; };
		D3BBE5981EFEFCB000567A4E /* FunThingsToDo.swift in Sources */ = {isa = PBXBuildFile; fileRef = D3BBE5971EFEFCB000567A4E /* FunThingsToDo.swift */; };

		D3D0FBF21EFEF2F50034AC4E /* AppDelegate.swift in Sources */ = {isa = PBXBuildFile; fileRef = D3D0FBF11EFEF2F50034AC4E /* AppDelegate.swift */; };
		D3D0FBF71EFEF2F50034AC4E /* Main.storyboard in Resources */ = {isa = PBXBuildFile; fileRef = D3D0FBF51EFEF2F50034AC4E /* Main.storyboard */; };
		D3D0FBF91EFEF2F50034AC4E /* Assets.xcassets in Resources */ = {isa = PBXBuildFile; fileRef = D3D0FBF81EFEF2F50034AC4E /* Assets.xcassets */; };
		D3D0FBFC1EFEF2F50034AC4E /* LaunchScreen.storyboard in Resources */ = {isa = PBXBuildFile; fileRef = D3D0FBFA1EFEF2F50034AC4E /* LaunchScreen.storyboard */; };
		D3D0FC071EFEF2F50034AC4E /* hiphopHackathon2017Tests.swift in Sources */ = {isa = PBXBuildFile; fileRef = D3D0FC061EFEF2F50034AC4E /* hiphopHackathon2017Tests.swift */; };
/* End PBXBuildFile section */

/* Begin PBXContainerItemProxy section */
		D3D0FC031EFEF2F50034AC4E /* PBXContainerItemProxy */ = {
			isa = PBXContainerItemProxy;
			containerPortal = D3D0FBE61EFEF2F30034AC4E /* Project object */;
			proxyType = 1;
			remoteGlobalIDString = D3D0FBED1EFEF2F40034AC4E;
			remoteInfo = hiphopHackathon2017;
		};
/* End PBXContainerItemProxy section */

/* Begin PBXFileReference section */

		810C84BA1EFEF816008D8B83 /* FirstViewController.swift */ = {isa = PBXFileReference; fileEncoding = 4; lastKnownFileType = sourcecode.swift; name = FirstViewController.swift; path = ../FirstViewController.swift; sourceTree = "<group>"; };
		810C84BC1EFEFA29008D8B83 /* SecondViewController.swift */ = {isa = PBXFileReference; fileEncoding = 4; lastKnownFileType = sourcecode.swift; path = SecondViewController.swift; sourceTree = "<group>"; };
		D3BBE5911EFEF63800567A4E /* HomeViewController.swift */ = {isa = PBXFileReference; fileEncoding = 4; lastKnownFileType = sourcecode.swift; path = HomeViewController.swift; sourceTree = "<group>"; };
		D3BBE5931EFEFA3B00567A4E /* APIRequestManager.swift */ = {isa = PBXFileReference; fileEncoding = 4; lastKnownFileType = sourcecode.swift; path = APIRequestManager.swift; sourceTree = "<group>"; };
		D3BBE5951EFEFA7600567A4E /* Endpoints.swift */ = {isa = PBXFileReference; fileEncoding = 4; lastKnownFileType = sourcecode.swift; path = Endpoints.swift; sourceTree = "<group>"; };
		D3BBE5971EFEFCB000567A4E /* FunThingsToDo.swift */ = {isa = PBXFileReference; fileEncoding = 4; lastKnownFileType = sourcecode.swift; path = FunThingsToDo.swift; sourceTree = "<group>"; };
		D3D0FBEE1EFEF2F40034AC4E /* hiphopHackathon2017.app */ = {isa = PBXFileReference; explicitFileType = wrapper.application; includeInIndex = 0; path = hiphopHackathon2017.app; sourceTree = BUILT_PRODUCTS_DIR; };
		D3D0FBF11EFEF2F50034AC4E /* AppDelegate.swift */ = {isa = PBXFileReference; lastKnownFileType = sourcecode.swift; path = AppDelegate.swift; sourceTree = "<group>"; };
		D3D0FBF61EFEF2F50034AC4E /* Base */ = {isa = PBXFileReference; lastKnownFileType = file.storyboard; name = Base; path = Base.lproj/Main.storyboard; sourceTree = "<group>"; };
		D3D0FBF81EFEF2F50034AC4E /* Assets.xcassets */ = {isa = PBXFileReference; lastKnownFileType = folder.assetcatalog; path = Assets.xcassets; sourceTree = "<group>"; };
		D3D0FBFB1EFEF2F50034AC4E /* Base */ = {isa = PBXFileReference; lastKnownFileType = file.storyboard; name = Base; path = Base.lproj/LaunchScreen.storyboard; sourceTree = "<group>"; };
		D3D0FBFD1EFEF2F50034AC4E /* Info.plist */ = {isa = PBXFileReference; lastKnownFileType = text.plist.xml; path = Info.plist; sourceTree = "<group>"; };
		D3D0FC021EFEF2F50034AC4E /* hiphopHackathon2017Tests.xctest */ = {isa = PBXFileReference; explicitFileType = wrapper.cfbundle; includeInIndex = 0; path = hiphopHackathon2017Tests.xctest; sourceTree = BUILT_PRODUCTS_DIR; };
		D3D0FC061EFEF2F50034AC4E /* hiphopHackathon2017Tests.swift */ = {isa = PBXFileReference; lastKnownFileType = sourcecode.swift; path = hiphopHackathon2017Tests.swift; sourceTree = "<group>"; };
		D3D0FC081EFEF2F50034AC4E /* Info.plist */ = {isa = PBXFileReference; lastKnownFileType = text.plist.xml; path = Info.plist; sourceTree = "<group>"; };
/* End PBXFileReference section */

/* Begin PBXFrameworksBuildPhase section */
		D3D0FBEB1EFEF2F40034AC4E /* Frameworks */ = {
			isa = PBXFrameworksBuildPhase;
			buildActionMask = 2147483647;
			files = (
			);
			runOnlyForDeploymentPostprocessing = 0;
		};
		D3D0FBFF1EFEF2F50034AC4E /* Frameworks */ = {
			isa = PBXFrameworksBuildPhase;
			buildActionMask = 2147483647;
			files = (
			);
			runOnlyForDeploymentPostprocessing = 0;
		};
/* End PBXFrameworksBuildPhase section */

/* Begin PBXGroup section */
		D3D0FBE51EFEF2F30034AC4E = {
			isa = PBXGroup;
			children = (
				D3D0FBF01EFEF2F40034AC4E /* hiphopHackathon2017 */,
				D3D0FC051EFEF2F50034AC4E /* hiphopHackathon2017Tests */,
				D3D0FBEF1EFEF2F40034AC4E /* Products */,
			);
			sourceTree = "<group>";
		};
		D3D0FBEF1EFEF2F40034AC4E /* Products */ = {
			isa = PBXGroup;
			children = (
				D3D0FBEE1EFEF2F40034AC4E /* hiphopHackathon2017.app */,
				D3D0FC021EFEF2F50034AC4E /* hiphopHackathon2017Tests.xctest */,
			);
			name = Products;
			sourceTree = "<group>";
		};
		D3D0FBF01EFEF2F40034AC4E /* hiphopHackathon2017 */ = {
			isa = PBXGroup;
			children = (
				810C84BA1EFEF816008D8B83 /* FirstViewController.swift */,
				D3D0FBF11EFEF2F50034AC4E /* AppDelegate.swift */,
				D3BBE5931EFEFA3B00567A4E /* APIRequestManager.swift */,
				D3BBE5951EFEFA7600567A4E /* Endpoints.swift */,
				D3BBE5971EFEFCB000567A4E /* FunThingsToDo.swift */,
				D3D0FBF31EFEF2F50034AC4E /* FirstViewController.swift */,
				D3BBE5911EFEF63800567A4E /* HomeViewController.swift */,
				D3D0FBF51EFEF2F50034AC4E /* Main.storyboard */,
				810C84BC1EFEFA29008D8B83 /* SecondViewController.swift */,
				D3D0FBF81EFEF2F50034AC4E /* Assets.xcassets */,
				D3D0FBFA1EFEF2F50034AC4E /* LaunchScreen.storyboard */,
				D3D0FBFD1EFEF2F50034AC4E /* Info.plist */,
			);
			path = hiphopHackathon2017;
			sourceTree = "<group>";
		};
		D3D0FC051EFEF2F50034AC4E /* hiphopHackathon2017Tests */ = {
			isa = PBXGroup;
			children = (
				D3D0FC061EFEF2F50034AC4E /* hiphopHackathon2017Tests.swift */,
				D3D0FC081EFEF2F50034AC4E /* Info.plist */,
			);
			path = hiphopHackathon2017Tests;
			sourceTree = "<group>";
		};
/* End PBXGroup section */

/* Begin PBXNativeTarget section */
		D3D0FBED1EFEF2F40034AC4E /* hiphopHackathon2017 */ = {
			isa = PBXNativeTarget;
			buildConfigurationList = D3D0FC0B1EFEF2F50034AC4E /* Build configuration list for PBXNativeTarget "hiphopHackathon2017" */;
			buildPhases = (
				D3D0FBEA1EFEF2F40034AC4E /* Sources */,
				D3D0FBEB1EFEF2F40034AC4E /* Frameworks */,
				D3D0FBEC1EFEF2F40034AC4E /* Resources */,
			);
			buildRules = (
			);
			dependencies = (
			);
			name = hiphopHackathon2017;
			productName = hiphopHackathon2017;
			productReference = D3D0FBEE1EFEF2F40034AC4E /* hiphopHackathon2017.app */;
			productType = "com.apple.product-type.application";
		};
		D3D0FC011EFEF2F50034AC4E /* hiphopHackathon2017Tests */ = {
			isa = PBXNativeTarget;
			buildConfigurationList = D3D0FC0E1EFEF2F50034AC4E /* Build configuration list for PBXNativeTarget "hiphopHackathon2017Tests" */;
			buildPhases = (
				D3D0FBFE1EFEF2F50034AC4E /* Sources */,
				D3D0FBFF1EFEF2F50034AC4E /* Frameworks */,
				D3D0FC001EFEF2F50034AC4E /* Resources */,
			);
			buildRules = (
			);
			dependencies = (
				D3D0FC041EFEF2F50034AC4E /* PBXTargetDependency */,
			);
			name = hiphopHackathon2017Tests;
			productName = hiphopHackathon2017Tests;
			productReference = D3D0FC021EFEF2F50034AC4E /* hiphopHackathon2017Tests.xctest */;
			productType = "com.apple.product-type.bundle.unit-test";
		};
/* End PBXNativeTarget section */

/* Begin PBXProject section */
		D3D0FBE61EFEF2F30034AC4E /* Project object */ = {
			isa = PBXProject;
			attributes = {
				LastSwiftUpdateCheck = 0810;
				LastUpgradeCheck = 0810;
				ORGANIZATIONNAME = "Marty Hernandez Avedon";
				TargetAttributes = {
					D3D0FBED1EFEF2F40034AC4E = {
						CreatedOnToolsVersion = 8.1;
						DevelopmentTeam = GD7JHZ9557;
						ProvisioningStyle = Automatic;
					};
					D3D0FC011EFEF2F50034AC4E = {
						CreatedOnToolsVersion = 8.1;
						DevelopmentTeam = GD7JHZ9557;
						ProvisioningStyle = Automatic;
						TestTargetID = D3D0FBED1EFEF2F40034AC4E;
					};
				};
			};
			buildConfigurationList = D3D0FBE91EFEF2F30034AC4E /* Build configuration list for PBXProject "hiphopHackathon2017" */;
			compatibilityVersion = "Xcode 3.2";
			developmentRegion = English;
			hasScannedForEncodings = 0;
			knownRegions = (
				en,
				Base,
			);
			mainGroup = D3D0FBE51EFEF2F30034AC4E;
			productRefGroup = D3D0FBEF1EFEF2F40034AC4E /* Products */;
			projectDirPath = "";
			projectRoot = "";
			targets = (
				D3D0FBED1EFEF2F40034AC4E /* hiphopHackathon2017 */,
				D3D0FC011EFEF2F50034AC4E /* hiphopHackathon2017Tests */,
			);
		};
/* End PBXProject section */

/* Begin PBXResourcesBuildPhase section */
		D3D0FBEC1EFEF2F40034AC4E /* Resources */ = {
			isa = PBXResourcesBuildPhase;
			buildActionMask = 2147483647;
			files = (
				D3D0FBFC1EFEF2F50034AC4E /* LaunchScreen.storyboard in Resources */,
				D3D0FBF91EFEF2F50034AC4E /* Assets.xcassets in Resources */,
				D3D0FBF71EFEF2F50034AC4E /* Main.storyboard in Resources */,
			);
			runOnlyForDeploymentPostprocessing = 0;
		};
		D3D0FC001EFEF2F50034AC4E /* Resources */ = {
			isa = PBXResourcesBuildPhase;
			buildActionMask = 2147483647;
			files = (
			);
			runOnlyForDeploymentPostprocessing = 0;
		};
/* End PBXResourcesBuildPhase section */

/* Begin PBXSourcesBuildPhase section */
		D3D0FBEA1EFEF2F40034AC4E /* Sources */ = {
			isa = PBXSourcesBuildPhase;
			buildActionMask = 2147483647;
			files = (
				810C84BD1EFEFA29008D8B83 /* SecondViewController.swift in Sources */,
				D3BBE5981EFEFCB000567A4E /* FunThingsToDo.swift in Sources */,
				D3BBE5941EFEFA3B00567A4E /* APIRequestManager.swift in Sources */,
				D3D0FBF41EFEF2F50034AC4E /* FirstViewController.swift in Sources */,
				D3D0FBF21EFEF2F50034AC4E /* AppDelegate.swift in Sources */,
				D3BBE5921EFEF63800567A4E /* HomeViewController.swift in Sources */,
				D3BBE5961EFEFA7600567A4E /* Endpoints.swift in Sources */,
			);
			runOnlyForDeploymentPostprocessing = 0;
		};
		D3D0FBFE1EFEF2F50034AC4E /* Sources */ = {
			isa = PBXSourcesBuildPhase;
			buildActionMask = 2147483647;
			files = (
				D3D0FC071EFEF2F50034AC4E /* hiphopHackathon2017Tests.swift in Sources */,
			);
			runOnlyForDeploymentPostprocessing = 0;
		};
/* End PBXSourcesBuildPhase section */

/* Begin PBXTargetDependency section */
		D3D0FC041EFEF2F50034AC4E /* PBXTargetDependency */ = {
			isa = PBXTargetDependency;
			target = D3D0FBED1EFEF2F40034AC4E /* hiphopHackathon2017 */;
			targetProxy = D3D0FC031EFEF2F50034AC4E /* PBXContainerItemProxy */;
		};
/* End PBXTargetDependency section */

/* Begin PBXVariantGroup section */
		D3D0FBF51EFEF2F50034AC4E /* Main.storyboard */ = {
			isa = PBXVariantGroup;
			children = (
				D3D0FBF61EFEF2F50034AC4E /* Base */,
			);
			name = Main.storyboard;
			sourceTree = "<group>";
		};
		D3D0FBFA1EFEF2F50034AC4E /* LaunchScreen.storyboard */ = {
			isa = PBXVariantGroup;
			children = (
				D3D0FBFB1EFEF2F50034AC4E /* Base */,
			);
			name = LaunchScreen.storyboard;
			sourceTree = "<group>";
		};
/* End PBXVariantGroup section */

/* Begin XCBuildConfiguration section */
		D3D0FC091EFEF2F50034AC4E /* Debug */ = {
			isa = XCBuildConfiguration;
			buildSettings = {
				ALWAYS_SEARCH_USER_PATHS = NO;
				CLANG_ANALYZER_NONNULL = YES;
				CLANG_CXX_LANGUAGE_STANDARD = "gnu++0x";
				CLANG_CXX_LIBRARY = "libc++";
				CLANG_ENABLE_MODULES = YES;
				CLANG_ENABLE_OBJC_ARC = YES;
				CLANG_WARN_BOOL_CONVERSION = YES;
				CLANG_WARN_CONSTANT_CONVERSION = YES;
				CLANG_WARN_DIRECT_OBJC_ISA_USAGE = YES_ERROR;
				CLANG_WARN_DOCUMENTATION_COMMENTS = YES;
				CLANG_WARN_EMPTY_BODY = YES;
				CLANG_WARN_ENUM_CONVERSION = YES;
				CLANG_WARN_INFINITE_RECURSION = YES;
				CLANG_WARN_INT_CONVERSION = YES;
				CLANG_WARN_OBJC_ROOT_CLASS = YES_ERROR;
				CLANG_WARN_SUSPICIOUS_MOVES = YES;
				CLANG_WARN_UNREACHABLE_CODE = YES;
				CLANG_WARN__DUPLICATE_METHOD_MATCH = YES;
				"CODE_SIGN_IDENTITY[sdk=iphoneos*]" = "iPhone Developer";
				COPY_PHASE_STRIP = NO;
				DEBUG_INFORMATION_FORMAT = dwarf;
				ENABLE_STRICT_OBJC_MSGSEND = YES;
				ENABLE_TESTABILITY = YES;
				GCC_C_LANGUAGE_STANDARD = gnu99;
				GCC_DYNAMIC_NO_PIC = NO;
				GCC_NO_COMMON_BLOCKS = YES;
				GCC_OPTIMIZATION_LEVEL = 0;
				GCC_PREPROCESSOR_DEFINITIONS = (
					"DEBUG=1",
					"$(inherited)",
				);
				GCC_WARN_64_TO_32_BIT_CONVERSION = YES;
				GCC_WARN_ABOUT_RETURN_TYPE = YES_ERROR;
				GCC_WARN_UNDECLARED_SELECTOR = YES;
				GCC_WARN_UNINITIALIZED_AUTOS = YES_AGGRESSIVE;
				GCC_WARN_UNUSED_FUNCTION = YES;
				GCC_WARN_UNUSED_VARIABLE = YES;
				IPHONEOS_DEPLOYMENT_TARGET = 10.1;
				MTL_ENABLE_DEBUG_INFO = YES;
				ONLY_ACTIVE_ARCH = YES;
				SDKROOT = iphoneos;
				SWIFT_ACTIVE_COMPILATION_CONDITIONS = DEBUG;
				SWIFT_OPTIMIZATION_LEVEL = "-Onone";
				TARGETED_DEVICE_FAMILY = "1,2";
			};
			name = Debug;
		};
		D3D0FC0A1EFEF2F50034AC4E /* Release */ = {
			isa = XCBuildConfiguration;
			buildSettings = {
				ALWAYS_SEARCH_USER_PATHS = NO;
				CLANG_ANALYZER_NONNULL = YES;
				CLANG_CXX_LANGUAGE_STANDARD = "gnu++0x";
				CLANG_CXX_LIBRARY = "libc++";
				CLANG_ENABLE_MODULES = YES;
				CLANG_ENABLE_OBJC_ARC = YES;
				CLANG_WARN_BOOL_CONVERSION = YES;
				CLANG_WARN_CONSTANT_CONVERSION = YES;
				CLANG_WARN_DIRECT_OBJC_ISA_USAGE = YES_ERROR;
				CLANG_WARN_DOCUMENTATION_COMMENTS = YES;
				CLANG_WARN_EMPTY_BODY = YES;
				CLANG_WARN_ENUM_CONVERSION = YES;
				CLANG_WARN_INFINITE_RECURSION = YES;
				CLANG_WARN_INT_CONVERSION = YES;
				CLANG_WARN_OBJC_ROOT_CLASS = YES_ERROR;
				CLANG_WARN_SUSPICIOUS_MOVES = YES;
				CLANG_WARN_UNREACHABLE_CODE = YES;
				CLANG_WARN__DUPLICATE_METHOD_MATCH = YES;
				"CODE_SIGN_IDENTITY[sdk=iphoneos*]" = "iPhone Developer";
				COPY_PHASE_STRIP = NO;
				DEBUG_INFORMATION_FORMAT = "dwarf-with-dsym";
				ENABLE_NS_ASSERTIONS = NO;
				ENABLE_STRICT_OBJC_MSGSEND = YES;
				GCC_C_LANGUAGE_STANDARD = gnu99;
				GCC_NO_COMMON_BLOCKS = YES;
				GCC_WARN_64_TO_32_BIT_CONVERSION = YES;
				GCC_WARN_ABOUT_RETURN_TYPE = YES_ERROR;
				GCC_WARN_UNDECLARED_SELECTOR = YES;
				GCC_WARN_UNINITIALIZED_AUTOS = YES_AGGRESSIVE;
				GCC_WARN_UNUSED_FUNCTION = YES;
				GCC_WARN_UNUSED_VARIABLE = YES;
				IPHONEOS_DEPLOYMENT_TARGET = 10.1;
				MTL_ENABLE_DEBUG_INFO = NO;
				SDKROOT = iphoneos;
				SWIFT_OPTIMIZATION_LEVEL = "-Owholemodule";
				TARGETED_DEVICE_FAMILY = "1,2";
				VALIDATE_PRODUCT = YES;
			};
			name = Release;
		};
		D3D0FC0C1EFEF2F50034AC4E /* Debug */ = {
			isa = XCBuildConfiguration;
			buildSettings = {
				ASSETCATALOG_COMPILER_APPICON_NAME = AppIcon;
				DEVELOPMENT_TEAM = GD7JHZ9557;
				INFOPLIST_FILE = hiphopHackathon2017/Info.plist;
				LD_RUNPATH_SEARCH_PATHS = "$(inherited) @executable_path/Frameworks";
				PRODUCT_BUNDLE_IDENTIFIER = nyc.c4q.martyav.hiphopHackathon2017;
				PRODUCT_NAME = "$(TARGET_NAME)";
				SWIFT_VERSION = 3.0;
			};
			name = Debug;
		};
		D3D0FC0D1EFEF2F50034AC4E /* Release */ = {
			isa = XCBuildConfiguration;
			buildSettings = {
				ASSETCATALOG_COMPILER_APPICON_NAME = AppIcon;
				DEVELOPMENT_TEAM = GD7JHZ9557;
				INFOPLIST_FILE = hiphopHackathon2017/Info.plist;
				LD_RUNPATH_SEARCH_PATHS = "$(inherited) @executable_path/Frameworks";
				PRODUCT_BUNDLE_IDENTIFIER = nyc.c4q.martyav.hiphopHackathon2017;
				PRODUCT_NAME = "$(TARGET_NAME)";
				SWIFT_VERSION = 3.0;
			};
			name = Release;
		};
		D3D0FC0F1EFEF2F50034AC4E /* Debug */ = {
			isa = XCBuildConfiguration;
			buildSettings = {
				ALWAYS_EMBED_SWIFT_STANDARD_LIBRARIES = YES;
				BUNDLE_LOADER = "$(TEST_HOST)";
				DEVELOPMENT_TEAM = GD7JHZ9557;
				INFOPLIST_FILE = hiphopHackathon2017Tests/Info.plist;
				LD_RUNPATH_SEARCH_PATHS = "$(inherited) @executable_path/Frameworks @loader_path/Frameworks";
				PRODUCT_BUNDLE_IDENTIFIER = nyc.c4q.martyav.hiphopHackathon2017Tests;
				PRODUCT_NAME = "$(TARGET_NAME)";
				SWIFT_VERSION = 3.0;
				TEST_HOST = "$(BUILT_PRODUCTS_DIR)/hiphopHackathon2017.app/hiphopHackathon2017";
			};
			name = Debug;
		};
		D3D0FC101EFEF2F50034AC4E /* Release */ = {
			isa = XCBuildConfiguration;
			buildSettings = {
				ALWAYS_EMBED_SWIFT_STANDARD_LIBRARIES = YES;
				BUNDLE_LOADER = "$(TEST_HOST)";
				DEVELOPMENT_TEAM = GD7JHZ9557;
				INFOPLIST_FILE = hiphopHackathon2017Tests/Info.plist;
				LD_RUNPATH_SEARCH_PATHS = "$(inherited) @executable_path/Frameworks @loader_path/Frameworks";
				PRODUCT_BUNDLE_IDENTIFIER = nyc.c4q.martyav.hiphopHackathon2017Tests;
				PRODUCT_NAME = "$(TARGET_NAME)";
				SWIFT_VERSION = 3.0;
				TEST_HOST = "$(BUILT_PRODUCTS_DIR)/hiphopHackathon2017.app/hiphopHackathon2017";
			};
			name = Release;
		};
/* End XCBuildConfiguration section */

/* Begin XCConfigurationList section */
		D3D0FBE91EFEF2F30034AC4E /* Build configuration list for PBXProject "hiphopHackathon2017" */ = {
			isa = XCConfigurationList;
			buildConfigurations = (
				D3D0FC091EFEF2F50034AC4E /* Debug */,
				D3D0FC0A1EFEF2F50034AC4E /* Release */,
			);
			defaultConfigurationIsVisible = 0;
			defaultConfigurationName = Release;
		};
		D3D0FC0B1EFEF2F50034AC4E /* Build configuration list for PBXNativeTarget "hiphopHackathon2017" */ = {
			isa = XCConfigurationList;
			buildConfigurations = (
				D3D0FC0C1EFEF2F50034AC4E /* Debug */,
				D3D0FC0D1EFEF2F50034AC4E /* Release */,
			);
			defaultConfigurationIsVisible = 0;
			defaultConfigurationName = Release;
		};
		D3D0FC0E1EFEF2F50034AC4E /* Build configuration list for PBXNativeTarget "hiphopHackathon2017Tests" */ = {
			isa = XCConfigurationList;
			buildConfigurations = (
				D3D0FC0F1EFEF2F50034AC4E /* Debug */,
				D3D0FC101EFEF2F50034AC4E /* Release */,
			);
			defaultConfigurationIsVisible = 0;
			defaultConfigurationName = Release;
		};
/* End XCConfigurationList section */
	};
	rootObject = D3D0FBE61EFEF2F30034AC4E /* Project object */;
}
